
Microsoft Visual Studio Solution File, Format Version 12.00
# Visual Studio Version 16
VisualStudioVersion = 16.0.30309.148
MinimumVisualStudioVersion = 10.0.40219.1
Project("{9A19103F-16F7-4668-BE54-9A1E7A4F7556}") = "Books.Books", "Books.Books\Books.Books.csproj", "{DF0033C5-07A0-4F57-8B5F-FC49B6C38395}"
EndProject
Project("{FAE04EC0-301F-11D3-BF4B-00C04F79EFBC}") = "Test", "Test\Test.csproj", "{B33E9B90-F916-4424-AEF6-6A22A05E00AE}"
EndProject
Global
	GlobalSection(SolutionConfigurationPlatforms) = preSolution
		Debug|Any CPU = Debug|Any CPU
		Release|Any CPU = Release|Any CPU
	EndGlobalSection
	GlobalSection(ProjectConfigurationPlatforms) = postSolution
		{DF0033C5-07A0-4F57-8B5F-FC49B6C38395}.Debug|Any CPU.ActiveCfg = Debug|Any CPU
		{DF0033C5-07A0-4F57-8B5F-FC49B6C38395}.Debug|Any CPU.Build.0 = Debug|Any CPU
		{DF0033C5-07A0-4F57-8B5F-FC49B6C38395}.Release|Any CPU.ActiveCfg = Release|Any CPU
		{DF0033C5-07A0-4F57-8B5F-FC49B6C38395}.Release|Any CPU.Build.0 = Release|Any CPU
		{B33E9B90-F916-4424-AEF6-6A22A05E00AE}.Debug|Any CPU.ActiveCfg = Debug|Any CPU
		{B33E9B90-F916-4424-AEF6-6A22A05E00AE}.Debug|Any CPU.Build.0 = Debug|Any CPU
		{B33E9B90-F916-4424-AEF6-6A22A05E00AE}.Release|Any CPU.ActiveCfg = Release|Any CPU
		{B33E9B90-F916-4424-AEF6-6A22A05E00AE}.Release|Any CPU.Build.0 = Release|Any CPU
	EndGlobalSection
	GlobalSection(SolutionProperties) = preSolution
		HideSolutionNode = FALSE
	EndGlobalSection
	GlobalSection(ExtensibilityGlobals) = postSolution
		SolutionGuid = {EC013175-A664-456A-B309-90F1DCC996EF}
	EndGlobalSection
EndGlobal
